github.com/zendev-sh/goai v0.9.9 h1:7UnSbFylNOvk6Si1nF6ADTwoRXU64JVlEebjwf5Poho=
github.com/zendev-sh/goai v0.9.9/go.mod h1:F0NPGQu0kzKQOQ0/pWYJ4E3J0EY2TBa+uEvqgOPsSaY=
go.uber.org/goleak v1.3.0 h1:2K3zAYmnTNqV73imy9J1T3WC+gmCePx2hEGkimedGto=
go.uber.org/goleak v1.3.0/go.mod h1:CoHD4mav9JJNrW/WLlf7HGZPjdw8EucARQHekz1X6bE=
